
Microsoft Visual Studio Solution File, Format Version 12.00
# Visual Studio Version 16
VisualStudioVersion = 16.0.29728.190
MinimumVisualStudioVersion = 10.0.40219.1
Project("{FAE04EC0-301F-11D3-BF4B-00C04F79EFBC}") = "Ejercicio2ImprimeClap", "Ejercicio2ImprimeClap\Ejercicio2ImprimeClap.csproj", "{D087A7C5-CF8A-4069-A6ED-D2E73A10BEFC}"
EndProject
Global
	GlobalSection(SolutionConfigurationPlatforms) = preSolution
		Debug|Any CPU = Debug|Any CPU
		Release|Any CPU = Release|Any CPU
	EndGlobalSection
	GlobalSection(ProjectConfigurationPlatforms) = postSolution
		{D087A7C5-CF8A-4069-A6ED-D2E73A10BEFC}.Debug|Any CPU.ActiveCfg = Debug|Any CPU
		{D087A7C5-CF8A-4069-A6ED-D2E73A10BEFC}.Debug|Any CPU.Build.0 = Debug|Any CPU
		{D087A7C5-CF8A-4069-A6ED-D2E73A10BEFC}.Release|Any CPU.ActiveCfg = Release|Any CPU
		{D087A7C5-CF8A-4069-A6ED-D2E73A10BEFC}.Release|Any CPU.Build.0 = Release|Any CPU
	EndGlobalSection
	GlobalSection(SolutionProperties) = preSolution
		HideSolutionNode = FALSE
	EndGlobalSection
	GlobalSection(ExtensibilityGlobals) = postSolution
		SolutionGuid = {B36F6A25-423D-46F3-93E2-2C188BAF0D4A}
	EndGlobalSection
EndGlobal
