
Microsoft Visual Studio Solution File, Format Version 12.00
# Visual Studio Version 16
VisualStudioVersion = 16.0.29728.190
MinimumVisualStudioVersion = 10.0.40219.1
Project("{FAE04EC0-301F-11D3-BF4B-00C04F79EFBC}") = "Clase1Ejemplo1", "Clase1Ejemplo1\Clase1Ejemplo1.csproj", "{9786BFF9-C30A-4401-922F-83E3847632BF}"
EndProject
Global
	GlobalSection(SolutionConfigurationPlatforms) = preSolution
		Debug|Any CPU = Debug|Any CPU
		Release|Any CPU = Release|Any CPU
	EndGlobalSection
	GlobalSection(ProjectConfigurationPlatforms) = postSolution
		{9786BFF9-C30A-4401-922F-83E3847632BF}.Debug|Any CPU.ActiveCfg = Debug|Any CPU
		{9786BFF9-C30A-4401-922F-83E3847632BF}.Debug|Any CPU.Build.0 = Debug|Any CPU
		{9786BFF9-C30A-4401-922F-83E3847632BF}.Release|Any CPU.ActiveCfg = Release|Any CPU
		{9786BFF9-C30A-4401-922F-83E3847632BF}.Release|Any CPU.Build.0 = Release|Any CPU
	EndGlobalSection
	GlobalSection(SolutionProperties) = preSolution
		HideSolutionNode = FALSE
	EndGlobalSection
	GlobalSection(ExtensibilityGlobals) = postSolution
		SolutionGuid = {E0BB12D8-63D7-40F3-96B5-3A9FA2493E0D}
	EndGlobalSection
EndGlobal
