
Microsoft Visual Studio Solution File, Format Version 12.00
# Visual Studio Version 16
VisualStudioVersion = 16.0.29728.190
MinimumVisualStudioVersion = 10.0.40219.1
Project("{FAE04EC0-301F-11D3-BF4B-00C04F79EFBC}") = "Ejercicio5AgendaTelefonica", "Ejercicio5AgendaTelefonica\Ejercicio5AgendaTelefonica.csproj", "{293191A7-7176-4476-A6C2-76DC7E21FD47}"
EndProject
Global
	GlobalSection(SolutionConfigurationPlatforms) = preSolution
		Debug|Any CPU = Debug|Any CPU
		Release|Any CPU = Release|Any CPU
	EndGlobalSection
	GlobalSection(ProjectConfigurationPlatforms) = postSolution
		{293191A7-7176-4476-A6C2-76DC7E21FD47}.Debug|Any CPU.ActiveCfg = Debug|Any CPU
		{293191A7-7176-4476-A6C2-76DC7E21FD47}.Debug|Any CPU.Build.0 = Debug|Any CPU
		{293191A7-7176-4476-A6C2-76DC7E21FD47}.Release|Any CPU.ActiveCfg = Release|Any CPU
		{293191A7-7176-4476-A6C2-76DC7E21FD47}.Release|Any CPU.Build.0 = Release|Any CPU
	EndGlobalSection
	GlobalSection(SolutionProperties) = preSolution
		HideSolutionNode = FALSE
	EndGlobalSection
	GlobalSection(ExtensibilityGlobals) = postSolution
		SolutionGuid = {550CE542-D618-449F-A91A-CB6153C1EEA7}
	EndGlobalSection
EndGlobal
